
Microsoft Visual Studio Solution File, Format Version 12.00
# Visual Studio 14
VisualStudioVersion = 14.0.23107.0
MinimumVisualStudioVersion = 10.0.40219.1
Project("{FAE04EC0-301F-11D3-BF4B-00C04F79EFBC}") = "ConsoleExample", "ConsoleApplication1\ConsoleExample.csproj", "{90B6CD27-E697-436F-B493-D9363500AE24}"
EndProject
Project("{FAE04EC0-301F-11D3-BF4B-00C04F79EFBC}") = "Valuable", "Valuable\Valuable.csproj", "{44685655-D5A2-495B-B6F8-A74E2ACF3463}"
EndProject
Global
	GlobalSection(SolutionConfigurationPlatforms) = preSolution
		Debug|Any CPU = Debug|Any CPU
		Release|Any CPU = Release|Any CPU
	EndGlobalSection
	GlobalSection(ProjectConfigurationPlatforms) = postSolution
		{90B6CD27-E697-436F-B493-D9363500AE24}.Debug|Any CPU.ActiveCfg = Debug|Any CPU
		{90B6CD27-E697-436F-B493-D9363500AE24}.Debug|Any CPU.Build.0 = Debug|Any CPU
		{90B6CD27-E697-436F-B493-D9363500AE24}.Release|Any CPU.ActiveCfg = Release|Any CPU
		{90B6CD27-E697-436F-B493-D9363500AE24}.Release|Any CPU.Build.0 = Release|Any CPU
		{44685655-D5A2-495B-B6F8-A74E2ACF3463}.Debug|Any CPU.ActiveCfg = Debug|Any CPU
		{44685655-D5A2-495B-B6F8-A74E2ACF3463}.Debug|Any CPU.Build.0 = Debug|Any CPU
		{44685655-D5A2-495B-B6F8-A74E2ACF3463}.Release|Any CPU.ActiveCfg = Release|Any CPU
		{44685655-D5A2-495B-B6F8-A74E2ACF3463}.Release|Any CPU.Build.0 = Release|Any CPU
	EndGlobalSection
	GlobalSection(SolutionProperties) = preSolution
		HideSolutionNode = FALSE
	EndGlobalSection
EndGlobal
